
Microsoft Visual Studio Solution File, Format Version 12.00
# Visual Studio 2013
VisualStudioVersion = 12.0.31101.0
MinimumVisualStudioVersion = 10.0.40219.1
Project("{D954291E-2A0B-460D-934E-DC6B0785DB48}") = "SkatteetatenApp", "SkatteetatenApp.shproj", "{8C19E691-6A24-4080-94AB-B66F0FD3BD15}"
EndProject
Global
	GlobalSection(SharedMSBuildProjectFiles) = preSolution
		App3.projitems*{8c19e691-6a24-4080-94ab-b66f0fd3bd15}*SharedItemsImports = 13
	EndGlobalSection
	GlobalSection(SolutionProperties) = preSolution
		HideSolutionNode = FALSE
	EndGlobalSection
EndGlobal
